dependencies:
  espp/base_component:
    component_hash: a4da2e51f8545f3f56c2cc4df62d58a5c1683aae6dca1303da6eeb382735d916
    dependencies:
    - name: espp/logger
      registry_url: https://components.espressif.com
      require: private
      version: '>=1.0'
    - name: idf
      require: private
      version: '>=5.0'
    source:
      registry_url: https://components.espressif.com
      type: service
    version: 1.0.31
  espp/cli:
    component_hash: 5e716bd0e50c7f4f532be10b5e883dddcb46fdeae80c585a51a1c0d061b3f74f
    dependencies:
    - name: espp/logger
      registry_url: https://components.espressif.com
      require: private
      version: '>=1.0'
    - name: idf
      require: private
      version: '>=5.0'
    source:
      registry_url: https://components.espressif.com
      type: service
    version: 1.0.31
  espp/format:
    component_hash: 97ebfaceff6189ab95190bee4da489c48e5295df8ddfcd401eabae88fead8bb8
    dependencies:
    - name: idf
      require: private
      version: '>=5.0'
    source:
      registry_url: https://components.espressif.com
      type: service
    version: 1.0.31
  espp/logger:
    component_hash: 4a0c402511864c995d9261642fb545c1af2a3fb6ff994007ce88f08155595b88
    dependencies:
    - name: espp/format
      registry_url: https://components.espressif.com
      require: private
      version: '>=1.0'
    - name: idf
      require: private
      version: '>=5.0'
    source:
      registry_url: https://components.espressif.com
      type: service
    version: 1.0.31
  espp/wifi:
    component_hash: c916ac50bd59861df940dc6305d07c6fd81e5d897956121be2d440a0a7a6e2f2
    dependencies:
    - name: espp/base_component
      registry_url: https://components.espressif.com
      require: private
      version: '>=1.0'
    - name: espp/cli
      registry_url: https://components.espressif.com
      require: private
      version: '>=1.0'
    - name: idf
      require: private
      version: '>=5.0'
    source:
      registry_url: https://components.espressif.com/
      type: service
    version: 1.0.31
  espressif/mpu6050:
    component_hash: d69219ccb141372b863c511749ffbeab28417ac71c205d7ed7030c308e1b6832
    dependencies:
    - name: idf
      require: private
      version: '>=4.0'
    source:
      registry_url: https://components.espressif.com/
      type: service
    version: 1.2.0
  espressif/mqtt:
    component_hash: ffdad5659706b4dc14bc63f8eb73ef765efa015bf7e9adf71c813d52a2dc9342
    dependencies:
    - name: idf
      require: private
      version: '>=5.3'
    source:
      registry_url: https://components.espressif.com/
      type: service
    version: 1.0.0
  idf:
    source:
      type: idf
    version: 5.5.1
direct_dependencies:
- espp/wifi
- espressif/mpu6050
- espressif/mqtt
- idf
manifest_hash: 4298b7e5eea67983ec87d1020937f8dee534417f94cb8fe392887c49d12d096b
target: esp32
version: 2.0.0
